<?xml version="1.0" encoding="utf-8"?>
<Project ToolsVersion="15.0" xmlns="http://schemas.microsoft.com/developer/msbuild/2003">
  <ItemGroup>
    <Filter Include="Resource Files">
      <UniqueIdentifier>{67DA6AB6-F800-4c08-8B7A-83BB121AAD01}</UniqueIdentifier>
      <Extensions>rc;ico;cur;bmp;dlg;rc2;rct;bin;rgs;gif;jpg;jpeg;jpe;resx;tga;tiff;tif;png;wav;mfcribbon-ms</Extensions>
    </Filter>
    <Filter Include="Public">
      <UniqueIdentifier>{a34be6c1-b26d-4da1-ab7f-d3224c0c0c0a}</UniqueIdentifier>
    </Filter>
    <Filter Include="Private">
      <UniqueIdentifier>{2d729bc0-7eea-4959-9804-a00e7d1d5bbf}</UniqueIdentifier>
    </Filter>
    <Filter Include="Private\Windows">
      <UniqueIdentifier>{8308c6d5-35a1-425f-bf7b-03cb82046885}</UniqueIdentifier>
    </Filter>
    <Filter Include="Public\ECS">
      <UniqueIdentifier>{cbc474c7-c1d7-491a-a2c2-14d44c5b5d7d}</UniqueIdentifier>
    </Filter>
    <Filter Include="Public\ECS\Entities">
      <UniqueIdentifier>{4f7f4083-ab64-431b-8837-0374a86a6144}</UniqueIdentifier>
    </Filter>
    <Filter Include="Public\ECS\Components">
      <UniqueIdentifier>{ff6d1a5e-919d-4e1d-91d1-f8e15f1885f0}</UniqueIdentifier>
    </Filter>
    <Filter Include="Private\Common">
      <UniqueIdentifier>{0178d476-b9ce-4295-9e2f-91ee926e1023}</UniqueIdentifier>
    </Filter>
    <Filter Include="Private\OpenGL">
      <UniqueIdentifier>{f8e1e9f5-626c-4cc6-9c9a-f2c35c73090b}</UniqueIdentifier>
    </Filter>
    <Filter Include="Private\GLFW">
      <UniqueIdentifier>{be014fcf-fbae-45c9-8ae4-17c88b35150d}</UniqueIdentifier>
    </Filter>
    <Filter Include="Public\AF_Math">
      <UniqueIdentifier>{7198899b-d89d-4c0f-a5e8-4d7fc3d5dafe}</UniqueIdentifier>
    </Filter>
    <Filter Include="Private\ECS">
      <UniqueIdentifier>{af8ffa0b-1a12-4dc6-9ce7-0bb6c445f427}</UniqueIdentifier>
    </Filter>
    <Filter Include="Private\ECS\Entities">
      <UniqueIdentifier>{b13af3ef-2aa3-4c8c-b9a1-5da1c85ee9b1}</UniqueIdentifier>
    </Filter>
    <Filter Include="Private\ECS\Components">
      <UniqueIdentifier>{fba58e1d-f852-42b5-bc04-8f986424d971}</UniqueIdentifier>
    </Filter>
    <Filter Include="Private\DX11">
      <UniqueIdentifier>{daff2ed7-b465-49b3-b353-ae942c4d0f14}</UniqueIdentifier>
    </Filter>
    <Filter Include="Private\assimp">
      <UniqueIdentifier>{87928653-de5d-4129-b47d-7a8b74ead82f}</UniqueIdentifier>
    </Filter>
    <Filter Include="Private\json">
      <UniqueIdentifier>{e586df9f-6cb4-4759-9510-19ba8d35e0de}</UniqueIdentifier>
    </Filter>
  </ItemGroup>
  <ItemGroup>
    <ClCompile Include="dllmain.cpp" />
    <ClCompile Include="pch.cpp" />
    <ClCompile Include="src\windows\AF_Log_UWP.c">
      <Filter>Private\Windows</Filter>
    </ClCompile>
    <ClCompile Include="src\ECS\Entities\AF_ECS.c">
      <Filter>Private\ECS\Entities</Filter>
    </ClCompile>
    <ClCompile Include="src\ECS\Entities\AF_Entity.c">
      <Filter>Private\ECS\Entities</Filter>
    </ClCompile>
    <ClCompile Include="src\ECS\Components\AF_C2DRigidbody.c">
      <Filter>Private\ECS\Components</Filter>
    </ClCompile>
    <ClCompile Include="src\ECS\Components\AF_C3DRigidbody.c">
      <Filter>Private\ECS\Components</Filter>
    </ClCompile>
    <ClCompile Include="src\ECS\Components\AF_CAI_Behaviour.c">
      <Filter>Private\ECS\Components</Filter>
    </ClCompile>
    <ClCompile Include="src\ECS\Components\AF_CAnimation.c">
      <Filter>Private\ECS\Components</Filter>
    </ClCompile>
    <ClCompile Include="src\ECS\Components\AF_CAudioSource.c">
      <Filter>Private\ECS\Components</Filter>
    </ClCompile>
    <ClCompile Include="src\ECS\Components\AF_CCamera.c">
      <Filter>Private\ECS\Components</Filter>
    </ClCompile>
    <ClCompile Include="src\ECS\Components\AF_CCollider.c">
      <Filter>Private\ECS\Components</Filter>
    </ClCompile>
    <ClCompile Include="src\ECS\Components\AF_CEditorData.c">
      <Filter>Private\ECS\Components</Filter>
    </ClCompile>
    <ClCompile Include="src\ECS\Components\AF_CInputController.c">
      <Filter>Private\ECS\Components</Filter>
    </ClCompile>
    <ClCompile Include="src\ECS\Components\AF_CLight.c">
      <Filter>Private\ECS\Components</Filter>
    </ClCompile>
    <ClCompile Include="src\ECS\Components\AF_CMesh.c">
      <Filter>Private\ECS\Components</Filter>
    </ClCompile>
    <ClCompile Include="src\ECS\Components\AF_Component.c">
      <Filter>Private\ECS\Components</Filter>
    </ClCompile>
    <ClCompile Include="src\ECS\Components\AF_CPlayerData.c">
      <Filter>Private\ECS\Components</Filter>
    </ClCompile>
    <ClCompile Include="src\ECS\Components\AF_CScript.c">
      <Filter>Private\ECS\Components</Filter>
    </ClCompile>
    <ClCompile Include="src\ECS\Components\AF_CSkeletalAnimation.c">
      <Filter>Private\ECS\Components</Filter>
    </ClCompile>
    <ClCompile Include="src\ECS\Components\AF_CSprite.c">
      <Filter>Private\ECS\Components</Filter>
    </ClCompile>
    <ClCompile Include="src\ECS\Components\AF_CText.c">
      <Filter>Private\ECS\Components</Filter>
    </ClCompile>
    <ClCompile Include="src\ECS\Components\AF_CTransform2D.c">
      <Filter>Private\ECS\Components</Filter>
    </ClCompile>
    <ClCompile Include="src\ECS\Components\AF_CTransform3D.c">
      <Filter>Private\ECS\Components</Filter>
    </ClCompile>
    <ClCompile Include="src\common\AF_File.c">
      <Filter>Private\Common</Filter>
    </ClCompile>
    <ClCompile Include="src\DX11\AF_DX11_Forward_Renderer.cpp">
      <Filter>Private\DX11</Filter>
    </ClCompile>
    <ClCompile Include="src\DX11\AF_DX11_Shader.c">
      <Filter>Private\DX11</Filter>
    </ClCompile>
    <ClCompile Include="src\DX11\AF_DX11_Renderer_Util.c">
      <Filter>Private\DX11</Filter>
    </ClCompile>
    <ClCompile Include="src\common\AF_Project.c">
      <Filter>Private\Common</Filter>
    </ClCompile>
    <ClCompile Include="src\windows\AF_MeshLoad.c">
      <Filter>Private\Windows</Filter>
    </ClCompile>
    <ClCompile Include="src\cJSON\AF_JSON.c">
      <Filter>Private\json</Filter>
    </ClCompile>
    <ClCompile Include="src\windows\AF_Input_UWP.c">
      <Filter>Private\Windows</Filter>
    </ClCompile>
    <ClCompile Include="src\common\AF_Physics.c">
      <Filter>Private\Common</Filter>
    </ClCompile>
  </ItemGroup>
  <ItemGroup>
    <ClInclude Include="pch.h" />
    <ClInclude Include="targetver.h" />
    <ClInclude Include="include\AF_Log.h">
      <Filter>Public</Filter>
    </ClInclude>
    <ClInclude Include="include\AF_AppData.h">
      <Filter>Public</Filter>
    </ClInclude>
    <ClInclude Include="include\ECS\Entities\AF_ECS.h">
      <Filter>Public\ECS\Entities</Filter>
    </ClInclude>
    <ClInclude Include="include\ECS\Entities\AF_Entity.h">
      <Filter>Public\ECS\Entities</Filter>
    </ClInclude>
    <ClInclude Include="include\ECS\Components\AF_C2DRigidbody.h">
      <Filter>Public\ECS\Components</Filter>
    </ClInclude>
    <ClInclude Include="include\ECS\Components\AF_C3DRigidbody.h">
      <Filter>Public\ECS\Components</Filter>
    </ClInclude>
    <ClInclude Include="include\ECS\Components\AF_CAI_Behaviour.h">
      <Filter>Public\ECS\Components</Filter>
    </ClInclude>
    <ClInclude Include="include\ECS\Components\AF_CAnimation.h">
      <Filter>Public\ECS\Components</Filter>
    </ClInclude>
    <ClInclude Include="include\ECS\Components\AF_CAudioSource.h">
      <Filter>Public\ECS\Components</Filter>
    </ClInclude>
    <ClInclude Include="include\ECS\Components\AF_CCamera.h">
      <Filter>Public\ECS\Components</Filter>
    </ClInclude>
    <ClInclude Include="include\ECS\Components\AF_CCollider.h">
      <Filter>Public\ECS\Components</Filter>
    </ClInclude>
    <ClInclude Include="include\ECS\Components\AF_CEditorData.h">
      <Filter>Public\ECS\Components</Filter>
    </ClInclude>
    <ClInclude Include="include\ECS\Components\AF_CInputController.h">
      <Filter>Public\ECS\Components</Filter>
    </ClInclude>
    <ClInclude Include="include\ECS\Components\AF_CLight.h">
      <Filter>Public\ECS\Components</Filter>
    </ClInclude>
    <ClInclude Include="include\ECS\Components\AF_CMesh.h">
      <Filter>Public\ECS\Components</Filter>
    </ClInclude>
    <ClInclude Include="include\ECS\Components\AF_Component.h">
      <Filter>Public\ECS\Components</Filter>
    </ClInclude>
    <ClInclude Include="include\ECS\Components\AF_CPlayerData.h">
      <Filter>Public\ECS\Components</Filter>
    </ClInclude>
    <ClInclude Include="include\ECS\Components\AF_CScript.h">
      <Filter>Public\ECS\Components</Filter>
    </ClInclude>
    <ClInclude Include="include\ECS\Components\AF_CSkeletalAnimation.h">
      <Filter>Public\ECS\Components</Filter>
    </ClInclude>
    <ClInclude Include="include\ECS\Components\AF_CSprite.h">
      <Filter>Public\ECS\Components</Filter>
    </ClInclude>
    <ClInclude Include="include\ECS\Components\AF_CText.h">
      <Filter>Public\ECS\Components</Filter>
    </ClInclude>
    <ClInclude Include="include\ECS\Components\AF_CTransform2D.h">
      <Filter>Public\ECS\Components</Filter>
    </ClInclude>
    <ClInclude Include="include\ECS\Components\AF_CTransform3D.h">
      <Filter>Public\ECS\Components</Filter>
    </ClInclude>
    <ClInclude Include="include\AF_Time.h">
      <Filter>Public</Filter>
    </ClInclude>
    <ClInclude Include="include\AF_Assets.h">
      <Filter>Public</Filter>
    </ClInclude>
    <ClInclude Include="include\AF_Input.h">
      <Filter>Public</Filter>
    </ClInclude>
    <ClInclude Include="include\AF_LightingData.h">
      <Filter>Public</Filter>
    </ClInclude>
    <ClInclude Include="include\AF_ProjectData.h">
      <Filter>Public</Filter>
    </ClInclude>
    <ClInclude Include="include\AF_RenderingData.h">
      <Filter>Public</Filter>
    </ClInclude>
    <ClInclude Include="include\AF_Window.h">
      <Filter>Public</Filter>
    </ClInclude>
    <ClInclude Include="include\AF_Lib_Define.h">
      <Filter>Public</Filter>
    </ClInclude>
    <ClInclude Include="..\AF_Math\include\AF_Mat4.h">
      <Filter>Public\AF_Math</Filter>
    </ClInclude>
    <ClInclude Include="..\AF_Math\include\AF_Math.h">
      <Filter>Public\AF_Math</Filter>
    </ClInclude>
    <ClInclude Include="..\AF_Math\include\AF_Math_Define.h">
      <Filter>Public\AF_Math</Filter>
    </ClInclude>
    <ClInclude Include="..\AF_Math\include\AF_Vec2.h">
      <Filter>Public\AF_Math</Filter>
    </ClInclude>
    <ClInclude Include="..\AF_Math\include\AF_Vec3.h">
      <Filter>Public\AF_Math</Filter>
    </ClInclude>
    <ClInclude Include="..\AF_Math\include\AF_Vec4.h">
      <Filter>Public\AF_Math</Filter>
    </ClInclude>
    <ClInclude Include="include\AF_Lib_API.h">
      <Filter>Public</Filter>
    </ClInclude>
    <ClInclude Include="include\AF_File.h">
      <Filter>Public</Filter>
    </ClInclude>
    <ClInclude Include="include\AF_Renderer_Util.h">
      <Filter>Public</Filter>
    </ClInclude>
    <ClInclude Include="include\AF_Renderer.h">
      <Filter>Public</Filter>
    </ClInclude>
    <ClInclude Include="include\AF_Project.h">
      <Filter>Public</Filter>
    </ClInclude>
    <ClInclude Include="include\AF_MeshLoad.h">
      <Filter>Public</Filter>
    </ClInclude>
    <ClInclude Include="include\AF_DX11_RenderData.h">
      <Filter>Public</Filter>
    </ClInclude>
    <ClInclude Include="include\AF_JSON.h">
      <Filter>Public</Filter>
    </ClInclude>
    <ClInclude Include="include\AF_Physics.h">
      <Filter>Public</Filter>
    </ClInclude>
  </ItemGroup>
</Project>